
Microsoft Visual Studio Solution File, Format Version 12.00
# Visual Studio 2012
Project("{FAE04EC0-301F-11D3-BF4B-00C04F79EFBC}") = "WiGi.UI", "WiGi.UI\WiGi.UI.csproj", "{3BE6F5F8-E4A7-4FC7-81BF-64180C0EFEAE}"
EndProject
Project("{FAE04EC0-301F-11D3-BF4B-00C04F79EFBC}") = "WiGi.Infra", "WiGi.Infra\WiGi.Infra.csproj", "{17ED4984-CEF0-4AEF-82BC-DF384D00B444}"
EndProject
Project("{FAE04EC0-301F-11D3-BF4B-00C04F79EFBC}") = "WebGitNet.SharedLib", "WebGitNet\WebGitNet.SharedLib\WebGitNet.SharedLib.csproj", "{F00879C2-B2F3-4202-B1BF-12A875AF4F7B}"
EndProject
Project("{FAE04EC0-301F-11D3-BF4B-00C04F79EFBC}") = "WiGi.Tests", "WiGi.Tests\WiGi.Tests.csproj", "{B79B2457-9B1E-4B33-9CB7-153B1B442128}"
EndProject
Global
	GlobalSection(SolutionConfigurationPlatforms) = preSolution
		Debug|Any CPU = Debug|Any CPU
		Release|Any CPU = Release|Any CPU
	EndGlobalSection
	GlobalSection(ProjectConfigurationPlatforms) = postSolution
		{3BE6F5F8-E4A7-4FC7-81BF-64180C0EFEAE}.Debug|Any CPU.ActiveCfg = Debug|Any CPU
		{3BE6F5F8-E4A7-4FC7-81BF-64180C0EFEAE}.Debug|Any CPU.Build.0 = Debug|Any CPU
		{3BE6F5F8-E4A7-4FC7-81BF-64180C0EFEAE}.Release|Any CPU.ActiveCfg = Release|Any CPU
		{3BE6F5F8-E4A7-4FC7-81BF-64180C0EFEAE}.Release|Any CPU.Build.0 = Release|Any CPU
		{17ED4984-CEF0-4AEF-82BC-DF384D00B444}.Debug|Any CPU.ActiveCfg = Debug|Any CPU
		{17ED4984-CEF0-4AEF-82BC-DF384D00B444}.Debug|Any CPU.Build.0 = Debug|Any CPU
		{17ED4984-CEF0-4AEF-82BC-DF384D00B444}.Release|Any CPU.ActiveCfg = Release|Any CPU
		{17ED4984-CEF0-4AEF-82BC-DF384D00B444}.Release|Any CPU.Build.0 = Release|Any CPU
		{F00879C2-B2F3-4202-B1BF-12A875AF4F7B}.Debug|Any CPU.ActiveCfg = Debug|Any CPU
		{F00879C2-B2F3-4202-B1BF-12A875AF4F7B}.Debug|Any CPU.Build.0 = Debug|Any CPU
		{F00879C2-B2F3-4202-B1BF-12A875AF4F7B}.Release|Any CPU.ActiveCfg = Release|Any CPU
		{F00879C2-B2F3-4202-B1BF-12A875AF4F7B}.Release|Any CPU.Build.0 = Release|Any CPU
		{B79B2457-9B1E-4B33-9CB7-153B1B442128}.Debug|Any CPU.ActiveCfg = Debug|Any CPU
		{B79B2457-9B1E-4B33-9CB7-153B1B442128}.Debug|Any CPU.Build.0 = Debug|Any CPU
		{B79B2457-9B1E-4B33-9CB7-153B1B442128}.Release|Any CPU.ActiveCfg = Release|Any CPU
		{B79B2457-9B1E-4B33-9CB7-153B1B442128}.Release|Any CPU.Build.0 = Release|Any CPU
	EndGlobalSection
	GlobalSection(SolutionProperties) = preSolution
		HideSolutionNode = FALSE
	EndGlobalSection
EndGlobal
